
Microsoft Visual Studio Solution File, Format Version 11.00
# Visual Studio 2010
Project("{FAE04EC0-301F-11D3-BF4B-00C04F79EFBC}") = "QuestionsNewAndroid", "QuestionsNew\QuestionsNewAndroid.csproj", "{3322DA69-6D67-418A-8E16-6EA4C0903DFF}"
EndProject
Project("{FAE04EC0-301F-11D3-BF4B-00C04F79EFBC}") = "QuestionsNew.Core", "QuestionsNew.Core\QuestionsNew.Core.csproj", "{3E9A9809-0945-4E5A-A058-17A23F80AE07}"
EndProject
Global
	GlobalSection(SolutionConfigurationPlatforms) = preSolution
		Debug|Any CPU = Debug|Any CPU
		Release|Any CPU = Release|Any CPU
	EndGlobalSection
	GlobalSection(ProjectConfigurationPlatforms) = postSolution
		{3322DA69-6D67-418A-8E16-6EA4C0903DFF}.Debug|Any CPU.ActiveCfg = Debug|Any CPU
		{3322DA69-6D67-418A-8E16-6EA4C0903DFF}.Debug|Any CPU.Build.0 = Debug|Any CPU
		{3322DA69-6D67-418A-8E16-6EA4C0903DFF}.Release|Any CPU.ActiveCfg = Release|Any CPU
		{3322DA69-6D67-418A-8E16-6EA4C0903DFF}.Release|Any CPU.Build.0 = Release|Any CPU
		{3E9A9809-0945-4E5A-A058-17A23F80AE07}.Debug|Any CPU.ActiveCfg = Debug|Any CPU
		{3E9A9809-0945-4E5A-A058-17A23F80AE07}.Debug|Any CPU.Build.0 = Debug|Any CPU
		{3E9A9809-0945-4E5A-A058-17A23F80AE07}.Release|Any CPU.ActiveCfg = Release|Any CPU
		{3E9A9809-0945-4E5A-A058-17A23F80AE07}.Release|Any CPU.Build.0 = Release|Any CPU
	EndGlobalSection
	GlobalSection(MonoDevelopProperties) = preSolution
		StartupItem = QuestionsNew\QuestionsNewAndroid.csproj
		Policies = $0
		$0.VersionControlPolicy = $1
		$1.inheritsSet = Mono
		$0.ChangeLogPolicy = $2
		$2.UpdateMode = ProjectRoot
		$2.MessageStyle = $3
		$3.LineAlign = 0
		$2.inheritsSet = Mono
	EndGlobalSection
EndGlobal
